
Microsoft Visual Studio Solution File, Format Version 12.00
# Visual Studio Version 16
VisualStudioVersion = 16.0.810.8
MinimumVisualStudioVersion = 10.0.40219.1
Project("{FAE04EC0-301F-11D3-BF4B-00C04F79EFBC}") = "RSU_Server", "RSU_Server.csproj", "{58C901CE-E0A1-48EE-BBFE-62DA81406C75}"
EndProject
Global
	GlobalSection(SolutionConfigurationPlatforms) = preSolution
		Debug|Any CPU = Debug|Any CPU
		Release|Any CPU = Release|Any CPU
	EndGlobalSection
	GlobalSection(ProjectConfigurationPlatforms) = postSolution
		{58C901CE-E0A1-48EE-BBFE-62DA81406C75}.Debug|Any CPU.ActiveCfg = Debug|Any CPU
		{58C901CE-E0A1-48EE-BBFE-62DA81406C75}.Debug|Any CPU.Build.0 = Debug|Any CPU
		{58C901CE-E0A1-48EE-BBFE-62DA81406C75}.Release|Any CPU.ActiveCfg = Release|Any CPU
		{58C901CE-E0A1-48EE-BBFE-62DA81406C75}.Release|Any CPU.Build.0 = Release|Any CPU
	EndGlobalSection
	GlobalSection(SolutionProperties) = preSolution
		HideSolutionNode = FALSE
	EndGlobalSection
	GlobalSection(ExtensibilityGlobals) = postSolution
		SolutionGuid = {3C5419F7-B1CD-47EC-9C47-C0CEC3CA5F5A}
	EndGlobalSection
EndGlobal
